
Microsoft Visual Studio Solution File, Format Version 12.00
# Visual Studio 14
VisualStudioVersion = 14.0.25420.1
MinimumVisualStudioVersion = 10.0.40219.1
Project("{FAE04EC0-301F-11D3-BF4B-00C04F79EFBC}") = "CarApplication", "CarApplication\CarApplication.csproj", "{3539C2F5-9489-477D-844D-DC7B7ACE8C9F}"
EndProject
Project("{FAE04EC0-301F-11D3-BF4B-00C04F79EFBC}") = "HeaterApplication", "HeaterApplication\HeaterApplication.csproj", "{54DB0B46-1F3F-4010-838B-C326D5E2D4C3}"
EndProject
Project("{FAE04EC0-301F-11D3-BF4B-00C04F79EFBC}") = "WashingMachineApplication", "WashingMachineApplication\WashingMachineApplication.csproj", "{39F1F439-11D8-46ED-B013-9F82EB6E626E}"
EndProject
Project("{FAE04EC0-301F-11D3-BF4B-00C04F79EFBC}") = "TvApplication", "TvApplication\TvApplication.csproj", "{54E8A492-3A92-4DAE-B737-427DD112B747}"
EndProject
Project("{FAE04EC0-301F-11D3-BF4B-00C04F79EFBC}") = "VehicleApplication", "VehicleApplication\VehicleApplication.csproj", "{BA127A09-3695-4CCE-A059-384B766690FB}"
EndProject
Project("{FAE04EC0-301F-11D3-BF4B-00C04F79EFBC}") = "StudentApplication", "StudentApplication\StudentApplication.csproj", "{5D2B67B8-90EA-4ACA-988A-91CDA7DB3881}"
EndProject
Project("{FAE04EC0-301F-11D3-BF4B-00C04F79EFBC}") = "HockeyApplication", "HockeyApplication\HockeyApplication.csproj", "{38E24C8D-1D3B-48BD-B7F1-3100E3C8B6CE}"
EndProject
Global
	GlobalSection(SolutionConfigurationPlatforms) = preSolution
		Debug|Any CPU = Debug|Any CPU
		Release|Any CPU = Release|Any CPU
	EndGlobalSection
	GlobalSection(ProjectConfigurationPlatforms) = postSolution
		{3539C2F5-9489-477D-844D-DC7B7ACE8C9F}.Debug|Any CPU.ActiveCfg = Debug|Any CPU
		{3539C2F5-9489-477D-844D-DC7B7ACE8C9F}.Debug|Any CPU.Build.0 = Debug|Any CPU
		{3539C2F5-9489-477D-844D-DC7B7ACE8C9F}.Release|Any CPU.ActiveCfg = Release|Any CPU
		{3539C2F5-9489-477D-844D-DC7B7ACE8C9F}.Release|Any CPU.Build.0 = Release|Any CPU
		{54DB0B46-1F3F-4010-838B-C326D5E2D4C3}.Debug|Any CPU.ActiveCfg = Debug|Any CPU
		{54DB0B46-1F3F-4010-838B-C326D5E2D4C3}.Debug|Any CPU.Build.0 = Debug|Any CPU
		{54DB0B46-1F3F-4010-838B-C326D5E2D4C3}.Release|Any CPU.ActiveCfg = Release|Any CPU
		{54DB0B46-1F3F-4010-838B-C326D5E2D4C3}.Release|Any CPU.Build.0 = Release|Any CPU
		{39F1F439-11D8-46ED-B013-9F82EB6E626E}.Debug|Any CPU.ActiveCfg = Debug|Any CPU
		{39F1F439-11D8-46ED-B013-9F82EB6E626E}.Debug|Any CPU.Build.0 = Debug|Any CPU
		{39F1F439-11D8-46ED-B013-9F82EB6E626E}.Release|Any CPU.ActiveCfg = Release|Any CPU
		{39F1F439-11D8-46ED-B013-9F82EB6E626E}.Release|Any CPU.Build.0 = Release|Any CPU
		{54E8A492-3A92-4DAE-B737-427DD112B747}.Debug|Any CPU.ActiveCfg = Debug|Any CPU
		{54E8A492-3A92-4DAE-B737-427DD112B747}.Debug|Any CPU.Build.0 = Debug|Any CPU
		{54E8A492-3A92-4DAE-B737-427DD112B747}.Release|Any CPU.ActiveCfg = Release|Any CPU
		{54E8A492-3A92-4DAE-B737-427DD112B747}.Release|Any CPU.Build.0 = Release|Any CPU
		{BA127A09-3695-4CCE-A059-384B766690FB}.Debug|Any CPU.ActiveCfg = Debug|Any CPU
		{BA127A09-3695-4CCE-A059-384B766690FB}.Debug|Any CPU.Build.0 = Debug|Any CPU
		{BA127A09-3695-4CCE-A059-384B766690FB}.Release|Any CPU.ActiveCfg = Release|Any CPU
		{BA127A09-3695-4CCE-A059-384B766690FB}.Release|Any CPU.Build.0 = Release|Any CPU
		{5D2B67B8-90EA-4ACA-988A-91CDA7DB3881}.Debug|Any CPU.ActiveCfg = Debug|Any CPU
		{5D2B67B8-90EA-4ACA-988A-91CDA7DB3881}.Debug|Any CPU.Build.0 = Debug|Any CPU
		{5D2B67B8-90EA-4ACA-988A-91CDA7DB3881}.Release|Any CPU.ActiveCfg = Release|Any CPU
		{5D2B67B8-90EA-4ACA-988A-91CDA7DB3881}.Release|Any CPU.Build.0 = Release|Any CPU
		{38E24C8D-1D3B-48BD-B7F1-3100E3C8B6CE}.Debug|Any CPU.ActiveCfg = Debug|Any CPU
		{38E24C8D-1D3B-48BD-B7F1-3100E3C8B6CE}.Debug|Any CPU.Build.0 = Debug|Any CPU
		{38E24C8D-1D3B-48BD-B7F1-3100E3C8B6CE}.Release|Any CPU.ActiveCfg = Release|Any CPU
		{38E24C8D-1D3B-48BD-B7F1-3100E3C8B6CE}.Release|Any CPU.Build.0 = Release|Any CPU
	EndGlobalSection
	GlobalSection(SolutionProperties) = preSolution
		HideSolutionNode = FALSE
	EndGlobalSection
EndGlobal
